// !$*UTF8*$!
{
	archiveVersion = 1;
	classes = {
	};
	objectVersion = 56;
	objects = {

/* Begin PBXBuildFile section */
		BA1F29E72A11F6C600457E44 /* AppDelegate.swift in Sources */ = {isa = PBXBuildFile; fileRef = BA1F29E62A11F6C600457E44 /* AppDelegate.swift */; };
		BA1F29E92A11F6C600457E44 /* SceneDelegate.swift in Sources */ = {isa = PBXBuildFile; fileRef = BA1F29E82A11F6C600457E44 /* SceneDelegate.swift */; };
		BA1F29EB2A11F6C600457E44 /* ViewController.swift in Sources */ = {isa = PBXBuildFile; fileRef = BA1F29EA2A11F6C600457E44 /* ViewController.swift */; };
		BA1F29EE2A11F6C600457E44 /* Main.storyboard in Resources */ = {isa = PBXBuildFile; fileRef = BA1F29EC2A11F6C600457E44 /* Main.storyboard */; };
		BA1F29F02A11F6C800457E44 /* Assets.xcassets in Resources */ = {isa = PBXBuildFile; fileRef = BA1F29EF2A11F6C800457E44 /* Assets.xcassets */; };
		BA1F29F32A11F6C800457E44 /* LaunchScreen.storyboard in Resources */ = {isa = PBXBuildFile; fileRef = BA1F29F12A11F6C800457E44 /* LaunchScreen.storyboard */; };
/* End PBXBuildFile section */

/* Begin PBXFileReference section */
		BA1F29E32A11F6C600457E44 /* EventsKit & Calendars.app */ = {isa = PBXFileReference; explicitFileType = wrapper.application; includeInIndex = 0; path = "EventsKit & Calendars.app"; sourceTree = BUILT_PRODUCTS_DIR; };
		BA1F29E62A11F6C600457E44 /* AppDelegate.swift */ = {isa = PBXFileReference; lastKnownFileType = sourcecode.swift; path = AppDelegate.swift; sourceTree = "<group>"; };
		BA1F29E82A11F6C600457E44 /* SceneDelegate.swift */ = {isa = PBXFileReference; lastKnownFileType = sourcecode.swift; path = SceneDelegate.swift; sourceTree = "<group>"; };
		BA1F29EA2A11F6C600457E44 /* ViewController.swift */ = {isa = PBXFileReference; lastKnownFileType = sourcecode.swift; path = ViewController.swift; sourceTree = "<group>"; };
		BA1F29ED2A11F6C600457E44 /* Base */ = {isa = PBXFileReference; lastKnownFileType = file.storyboard; name = Base; path = Base.lproj/Main.storyboard; sourceTree = "<group>"; };
		BA1F29EF2A11F6C800457E44 /* Assets.xcassets */ = {isa = PBXFileReference; lastKnownFileType = folder.assetcatalog; path = Assets.xcassets; sourceTree = "<group>"; };
		BA1F29F22A11F6C800457E44 /* Base */ = {isa = PBXFileReference; lastKnownFileType = file.storyboard; name = Base; path = Base.lproj/LaunchScreen.storyboard; sourceTree = "<group>"; };
		BA1F29F42A11F6C800457E44 /* Info.plist */ = {isa = PBXFileReference; lastKnownFileType = text.plist.xml; path = Info.plist; sourceTree = "<group>"; };
/* End PBXFileReference section */

/* Begin PBXFrameworksBuildPhase section */
		BA1F29E02A11F6C600457E44 /* Frameworks */ = {
			isa = PBXFrameworksBuildPhase;
			buildActionMask = 2147483647;
			files = (
			);
			runOnlyForDeploymentPostprocessing = 0;
		};
/* End PBXFrameworksBuildPhase section */

/* Begin PBXGroup section */
		BA1F29DA2A11F6C600457E44 = {
			isa = PBXGroup;
			children = (
				BA1F29E52A11F6C600457E44 /* EventsKit & Calendars */,
				BA1F29E42A11F6C600457E44 /* Products */,
			);
			sourceTree = "<group>";
		};
		BA1F29E42A11F6C600457E44 /* Products */ = {
			isa = PBXGroup;
			children = (
				BA1F29E32A11F6C600457E44 /* EventsKit & Calendars.app */,
			);
			name = Products;
			sourceTree = "<group>";
		};
		BA1F29E52A11F6C600457E44 /* EventsKit & Calendars */ = {
			isa = PBXGroup;
			children = (
				BA1F29E62A11F6C600457E44 /* AppDelegate.swift */,
				BA1F29E82A11F6C600457E44 /* SceneDelegate.swift */,
				BA1F29EA2A11F6C600457E44 /* ViewController.swift */,
				BA1F29EC2A11F6C600457E44 /* Main.storyboard */,
				BA1F29EF2A11F6C800457E44 /* Assets.xcassets */,
				BA1F29F12A11F6C800457E44 /* LaunchScreen.storyboard */,
				BA1F29F42A11F6C800457E44 /* Info.plist */,
			);
			path = "EventsKit & Calendars";
			sourceTree = "<group>";
		};
/* End PBXGroup section */

/* Begin PBXNativeTarget section */
		BA1F29E22A11F6C600457E44 /* EventsKit & Calendars */ = {
			isa = PBXNativeTarget;
			buildConfigurationList = BA1F29F72A11F6C800457E44 /* Build configuration list for PBXNativeTarget "EventsKit & Calendars" */;
			buildPhases = (
				BA1F29DF2A11F6C600457E44 /* Sources */,
				BA1F29E02A11F6C600457E44 /* Frameworks */,
				BA1F29E12A11F6C600457E44 /* Resources */,
			);
			buildRules = (
			);
			dependencies = (
			);
			name = "EventsKit & Calendars";
			productName = "EventsKit & Calendars";
			productReference = BA1F29E32A11F6C600457E44 /* EventsKit & Calendars.app */;
			productType = "com.apple.product-type.application";
		};
/* End PBXNativeTarget section */

/* Begin PBXProject section */
		BA1F29DB2A11F6C600457E44 /* Project object */ = {
			isa = PBXProject;
			attributes = {
				BuildIndependentTargetsInParallel = 1;
				LastSwiftUpdateCheck = 1430;
				LastUpgradeCheck = 1430;
				TargetAttributes = {
					BA1F29E22A11F6C600457E44 = {
						CreatedOnToolsVersion = 14.3;
					};
				};
			};
			buildConfigurationList = BA1F29DE2A11F6C600457E44 /* Build configuration list for PBXProject "EventsKit & Calendars" */;
			compatibilityVersion = "Xcode 14.0";
			developmentRegion = en;
			hasScannedForEncodings = 0;
			knownRegions = (
				en,
				Base,
			);
			mainGroup = BA1F29DA2A11F6C600457E44;
			productRefGroup = BA1F29E42A11F6C600457E44 /* Products */;
			projectDirPath = "";
			projectRoot = "";
			targets = (
				BA1F29E22A11F6C600457E44 /* EventsKit & Calendars */,
			);
		};
/* End PBXProject section */

/* Begin PBXResourcesBuildPhase section */
		BA1F29E12A11F6C600457E44 /* Resources */ = {
			isa = PBXResourcesBuildPhase;
			buildActionMask = 2147483647;
			files = (
				BA1F29F32A11F6C800457E44 /* LaunchScreen.storyboard in Resources */,
				BA1F29F02A11F6C800457E44 /* Assets.xcassets in Resources */,
				BA1F29EE2A11F6C600457E44 /* Main.storyboard in Resources */,
			);
			runOnlyForDeploymentPostprocessing = 0;
		};
/* End PBXResourcesBuildPhase section */

/* Begin PBXSourcesBuildPhase section */
		BA1F29DF2A11F6C600457E44 /* Sources */ = {
			isa = PBXSourcesBuildPhase;
			buildActionMask = 2147483647;
			files = (
				BA1F29EB2A11F6C600457E44 /* ViewController.swift in Sources */,
				BA1F29E72A11F6C600457E44 /* AppDelegate.swift in Sources */,
				BA1F29E92A11F6C600457E44 /* SceneDelegate.swift in Sources */,
			);
			runOnlyForDeploymentPostprocessing = 0;
		};
/* End PBXSourcesBuildPhase section */

/* Begin PBXVariantGroup section */
		BA1F29EC2A11F6C600457E44 /* Main.storyboard */ = {
			isa = PBXVariantGroup;
			children = (
				BA1F29ED2A11F6C600457E44 /* Base */,
			);
			name = Main.storyboard;
			sourceTree = "<group>";
		};
		BA1F29F12A11F6C800457E44 /* LaunchScreen.storyboard */ = {
			isa = PBXVariantGroup;
			children = (
				BA1F29F22A11F6C800457E44 /* Base */,
			);
			name = LaunchScreen.storyboard;
			sourceTree = "<group>";
		};
/* End PBXVariantGroup section */

/* Begin XCBuildConfiguration section */
		BA1F29F52A11F6C800457E44 /* Debug */ = {
			isa = XCBuildConfiguration;
			buildSettings = {
				ALWAYS_SEARCH_USER_PATHS = NO;
				CLANG_ANALYZER_NONNULL = YES;
				CLANG_ANALYZER_NUMBER_OBJECT_CONVERSION = YES_AGGRESSIVE;
				CLANG_CXX_LANGUAGE_STANDARD = "gnu++20";
				CLANG_ENABLE_MODULES = YES;
				CLANG_ENABLE_OBJC_ARC = YES;
				CLANG_ENABLE_OBJC_WEAK = YES;
				CLANG_WARN_BLOCK_CAPTURE_AUTORELEASING = YES;
				CLANG_WARN_BOOL_CONVERSION = YES;
				CLANG_WARN_COMMA = YES;
				CLANG_WARN_CONSTANT_CONVERSION = YES;
				CLANG_WARN_DEPRECATED_OBJC_IMPLEMENTATIONS = YES;
				CLANG_WARN_DIRECT_OBJC_ISA_USAGE = YES_ERROR;
				CLANG_WARN_DOCUMENTATION_COMMENTS = YES;
				CLANG_WARN_EMPTY_BODY = YES;
				CLANG_WARN_ENUM_CONVERSION = YES;
				CLANG_WARN_INFINITE_RECURSION = YES;
				CLANG_WARN_INT_CONVERSION = YES;
				CLANG_WARN_NON_LITERAL_NULL_CONVERSION = YES;
				CLANG_WARN_OBJC_IMPLICIT_RETAIN_SELF = YES;
				CLANG_WARN_OBJC_LITERAL_CONVERSION = YES;
				CLANG_WARN_OBJC_ROOT_CLASS = YES_ERROR;
				CLANG_WARN_QUOTED_INCLUDE_IN_FRAMEWORK_HEADER = YES;
				CLANG_WARN_RANGE_LOOP_ANALYSIS = YES;
				CLANG_WARN_STRICT_PROTOTYPES = YES;
				CLANG_WARN_SUSPICIOUS_MOVE = YES;
				CLANG_WARN_UNGUARDED_AVAILABILITY = YES_AGGRESSIVE;
				CLANG_WARN_UNREACHABLE_CODE = YES;
				CLANG_WARN__DUPLICATE_METHOD_MATCH = YES;
				COPY_PHASE_STRIP = NO;
				DEBUG_INFORMATION_FORMAT = dwarf;
				ENABLE_STRICT_OBJC_MSGSEND = YES;
				ENABLE_TESTABILITY = YES;
				GCC_C_LANGUAGE_STANDARD = gnu11;
				GCC_DYNAMIC_NO_PIC = NO;
				GCC_NO_COMMON_BLOCKS = YES;
				GCC_OPTIMIZATION_LEVEL = 0;
				GCC_PREPROCESSOR_DEFINITIONS = (
					"DEBUG=1",
					"$(inherited)",
				);
				GCC_WARN_64_TO_32_BIT_CONVERSION = YES;
				GCC_WARN_ABOUT_RETURN_TYPE = YES_ERROR;
				GCC_WARN_UNDECLARED_SELECTOR = YES;
				GCC_WARN_UNINITIALIZED_AUTOS = YES_AGGRESSIVE;
				GCC_WARN_UNUSED_FUNCTION = YES;
				GCC_WARN_UNUSED_VARIABLE = YES;
				IPHONEOS_DEPLOYMENT_TARGET = 16.4;
				MTL_ENABLE_DEBUG_INFO = INCLUDE_SOURCE;
				MTL_FAST_MATH = YES;
				ONLY_ACTIVE_ARCH = YES;
				SDKROOT = iphoneos;
				SWIFT_ACTIVE_COMPILATION_CONDITIONS = DEBUG;
				SWIFT_OPTIMIZATION_LEVEL = "-Onone";
			};
			name = Debug;
		};
		BA1F29F62A11F6C800457E44 /* Release */ = {
			isa = XCBuildConfiguration;
			buildSettings = {
				ALWAYS_SEARCH_USER_PATHS = NO;
				CLANG_ANALYZER_NONNULL = YES;
				CLANG_ANALYZER_NUMBER_OBJECT_CONVERSION = YES_AGGRESSIVE;
				CLANG_CXX_LANGUAGE_STANDARD = "gnu++20";
				CLANG_ENABLE_MODULES = YES;
				CLANG_ENABLE_OBJC_ARC = YES;
				CLANG_ENABLE_OBJC_WEAK = YES;
				CLANG_WARN_BLOCK_CAPTURE_AUTORELEASING = YES;
				CLANG_WARN_BOOL_CONVERSION = YES;
				CLANG_WARN_COMMA = YES;
				CLANG_WARN_CONSTANT_CONVERSION = YES;
				CLANG_WARN_DEPRECATED_OBJC_IMPLEMENTATIONS = YES;
				CLANG_WARN_DIRECT_OBJC_ISA_USAGE = YES_ERROR;
				CLANG_WARN_DOCUMENTATION_COMMENTS = YES;
				CLANG_WARN_EMPTY_BODY = YES;
				CLANG_WARN_ENUM_CONVERSION = YES;
				CLANG_WARN_INFINITE_RECURSION = YES;
				CLANG_WARN_INT_CONVERSION = YES;
				CLANG_WARN_NON_LITERAL_NULL_CONVERSION = YES;
				CLANG_WARN_OBJC_IMPLICIT_RETAIN_SELF = YES;
				CLANG_WARN_OBJC_LITERAL_CONVERSION = YES;
				CLANG_WARN_OBJC_ROOT_CLASS = YES_ERROR;
				CLANG_WARN_QUOTED_INCLUDE_IN_FRAMEWORK_HEADER = YES;
				CLANG_WARN_RANGE_LOOP_ANALYSIS = YES;
				CLANG_WARN_STRICT_PROTOTYPES = YES;
				CLANG_WARN_SUSPICIOUS_MOVE = YES;
				CLANG_WARN_UNGUARDED_AVAILABILITY = YES_AGGRESSIVE;
				CLANG_WARN_UNREACHABLE_CODE = YES;
				CLANG_WARN__DUPLICATE_METHOD_MATCH = YES;
				COPY_PHASE_STRIP = NO;
				DEBUG_INFORMATION_FORMAT = "dwarf-with-dsym";
				ENABLE_NS_ASSERTIONS = NO;
				ENABLE_STRICT_OBJC_MSGSEND = YES;
				GCC_C_LANGUAGE_STANDARD = gnu11;
				GCC_NO_COMMON_BLOCKS = YES;
				GCC_WARN_64_TO_32_BIT_CONVERSION = YES;
				GCC_WARN_ABOUT_RETURN_TYPE = YES_ERROR;
				GCC_WARN_UNDECLARED_SELECTOR = YES;
				GCC_WARN_UNINITIALIZED_AUTOS = YES_AGGRESSIVE;
				GCC_WARN_UNUSED_FUNCTION = YES;
				GCC_WARN_UNUSED_VARIABLE = YES;
				IPHONEOS_DEPLOYMENT_TARGET = 16.4;
				MTL_ENABLE_DEBUG_INFO = NO;
				MTL_FAST_MATH = YES;
				SDKROOT = iphoneos;
				SWIFT_COMPILATION_MODE = wholemodule;
				SWIFT_OPTIMIZATION_LEVEL = "-O";
				VALIDATE_PRODUCT = YES;
			};
			name = Release;
		};
		BA1F29F82A11F6C800457E44 /* Debug */ = {
			isa = XCBuildConfiguration;
			buildSettings = {
				ASSETCATALOG_COMPILER_APPICON_NAME = AppIcon;
				ASSETCATALOG_COMPILER_GLOBAL_ACCENT_COLOR_NAME = AccentColor;
				CODE_SIGN_STYLE = Automatic;
				CURRENT_PROJECT_VERSION = 1;
				GENERATE_INFOPLIST_FILE = YES;
				INFOPLIST_FILE = "EventsKit & Calendars/Info.plist";
				INFOPLIST_KEY_NSCalendarsUsageDescription = "Please allow access to see stuff";
				INFOPLIST_KEY_NSRemindersUsageDescription = "Please allow access to see stuff";
				INFOPLIST_KEY_UIApplicationSupportsIndirectInputEvents = YES;
				INFOPLIST_KEY_UILaunchStoryboardName = LaunchScreen;
				INFOPLIST_KEY_UIMainStoryboardFile = Main;
				INFOPLIST_KEY_UISupportedInterfaceOrientations_iPad = "UIInterfaceOrientationPortrait UIInterfaceOrientationPortraitUpsideDown UIInterfaceOrientationLandscapeLeft UIInterfaceOrientationLandscapeRight";
				INFOPLIST_KEY_UISupportedInterfaceOrientations_iPhone = "UIInterfaceOrientationPortrait UIInterfaceOrientationLandscapeLeft UIInterfaceOrientationLandscapeRight";
				LD_RUNPATH_SEARCH_PATHS = (
					"$(inherited)",
					"@executable_path/Frameworks",
				);
				MARKETING_VERSION = 1.0;
				PRODUCT_BUNDLE_IDENTIFIER = "com.nazar.EventsKit---Calendars";
				PRODUCT_NAME = "$(TARGET_NAME)";
				SWIFT_EMIT_LOC_STRINGS = YES;
				SWIFT_VERSION = 5.0;
				TARGETED_DEVICE_FAMILY = "1,2";
			};
			name = Debug;
		};
		BA1F29F92A11F6C800457E44 /* Release */ = {
			isa = XCBuildConfiguration;
			buildSettings = {
				ASSETCATALOG_COMPILER_APPICON_NAME = AppIcon;
				ASSETCATALOG_COMPILER_GLOBAL_ACCENT_COLOR_NAME = AccentColor;
				CODE_SIGN_STYLE = Automatic;
				CURRENT_PROJECT_VERSION = 1;
				GENERATE_INFOPLIST_FILE = YES;
				INFOPLIST_FILE = "EventsKit & Calendars/Info.plist";
				INFOPLIST_KEY_NSCalendarsUsageDescription = "Please allow access to see stuff";
				INFOPLIST_KEY_NSRemindersUsageDescription = "Please allow access to see stuff";
				INFOPLIST_KEY_UIApplicationSupportsIndirectInputEvents = YES;
				INFOPLIST_KEY_UILaunchStoryboardName = LaunchScreen;
				INFOPLIST_KEY_UIMainStoryboardFile = Main;
				INFOPLIST_KEY_UISupportedInterfaceOrientations_iPad = "UIInterfaceOrientationPortrait UIInterfaceOrientationPortraitUpsideDown UIInterfaceOrientationLandscapeLeft UIInterfaceOrientationLandscapeRight";
				INFOPLIST_KEY_UISupportedInterfaceOrientations_iPhone = "UIInterfaceOrientationPortrait UIInterfaceOrientationLandscapeLeft UIInterfaceOrientationLandscapeRight";
				LD_RUNPATH_SEARCH_PATHS = (
					"$(inherited)",
					"@executable_path/Frameworks",
				);
				MARKETING_VERSION = 1.0;
				PRODUCT_BUNDLE_IDENTIFIER = "com.nazar.EventsKit---Calendars";
				PRODUCT_NAME = "$(TARGET_NAME)";
				SWIFT_EMIT_LOC_STRINGS = YES;
				SWIFT_VERSION = 5.0;
				TARGETED_DEVICE_FAMILY = "1,2";
			};
			name = Release;
		};
/* End XCBuildConfiguration section */

/* Begin XCConfigurationList section */
		BA1F29DE2A11F6C600457E44 /* Build configuration list for PBXProject "EventsKit & Calendars" */ = {
			isa = XCConfigurationList;
			buildConfigurations = (
				BA1F29F52A11F6C800457E44 /* Debug */,
				BA1F29F62A11F6C800457E44 /* Release */,
			);
			defaultConfigurationIsVisible = 0;
			defaultConfigurationName = Release;
		};
		BA1F29F72A11F6C800457E44 /* Build configuration list for PBXNativeTarget "EventsKit & Calendars" */ = {
			isa = XCConfigurationList;
			buildConfigurations = (
				BA1F29F82A11F6C800457E44 /* Debug */,
				BA1F29F92A11F6C800457E44 /* Release */,
			);
			defaultConfigurationIsVisible = 0;
			defaultConfigurationName = Release;
		};
/* End XCConfigurationList section */
	};
	rootObject = BA1F29DB2A11F6C600457E44 /* Project object */;
}
